
Microsoft Visual Studio Solution File, Format Version 12.00
# Visual Studio Version 16
VisualStudioVersion = 16.0.30517.126
MinimumVisualStudioVersion = 10.0.40219.1
Project("{9A19103F-16F7-4668-BE54-9A1E7A4F7556}") = "ExpectedNet", "ExpectedNet\ExpectedNet.csproj", "{08ECC611-E583-4323-A8A4-6B842B03523F}"
EndProject
Project("{9A19103F-16F7-4668-BE54-9A1E7A4F7556}") = "ExpectedNet.Tests", "ExpectedNet.Tests\ExpectedNet.Tests.csproj", "{FF89FB90-3B68-4492-8D3E-4464EB8DA0F2}"
EndProject
Global
	GlobalSection(SolutionConfigurationPlatforms) = preSolution
		Debug|Any CPU = Debug|Any CPU
		Release|Any CPU = Release|Any CPU
	EndGlobalSection
	GlobalSection(ProjectConfigurationPlatforms) = postSolution
		{08ECC611-E583-4323-A8A4-6B842B03523F}.Debug|Any CPU.ActiveCfg = Debug|Any CPU
		{08ECC611-E583-4323-A8A4-6B842B03523F}.Debug|Any CPU.Build.0 = Debug|Any CPU
		{08ECC611-E583-4323-A8A4-6B842B03523F}.Release|Any CPU.ActiveCfg = Release|Any CPU
		{08ECC611-E583-4323-A8A4-6B842B03523F}.Release|Any CPU.Build.0 = Release|Any CPU
		{FF89FB90-3B68-4492-8D3E-4464EB8DA0F2}.Debug|Any CPU.ActiveCfg = Debug|Any CPU
		{FF89FB90-3B68-4492-8D3E-4464EB8DA0F2}.Debug|Any CPU.Build.0 = Debug|Any CPU
		{FF89FB90-3B68-4492-8D3E-4464EB8DA0F2}.Release|Any CPU.ActiveCfg = Release|Any CPU
		{FF89FB90-3B68-4492-8D3E-4464EB8DA0F2}.Release|Any CPU.Build.0 = Release|Any CPU
	EndGlobalSection
	GlobalSection(SolutionProperties) = preSolution
		HideSolutionNode = FALSE
	EndGlobalSection
	GlobalSection(ExtensibilityGlobals) = postSolution
		SolutionGuid = {F3A5895D-A02D-487E-835B-6D43535B3A36}
	EndGlobalSection
EndGlobal
